
Microsoft Visual Studio Solution File, Format Version 12.00
# Visual Studio Version 17
VisualStudioVersion = 17.9.34622.214
MinimumVisualStudioVersion = 10.0.40219.1
Project("{FAE04EC0-301F-11D3-BF4B-00C04F79EFBC}") = "Top11.Web", "Top11.Web\Top11.Web.csproj", "{8C95225D-963E-446A-9817-F167D37FCD26}"
EndProject
Global
	GlobalSection(SolutionConfigurationPlatforms) = preSolution
		Debug|Any CPU = Debug|Any CPU
		Release|Any CPU = Release|Any CPU
	EndGlobalSection
	GlobalSection(ProjectConfigurationPlatforms) = postSolution
		{8C95225D-963E-446A-9817-F167D37FCD26}.Debug|Any CPU.ActiveCfg = Debug|Any CPU
		{8C95225D-963E-446A-9817-F167D37FCD26}.Debug|Any CPU.Build.0 = Debug|Any CPU
		{8C95225D-963E-446A-9817-F167D37FCD26}.Release|Any CPU.ActiveCfg = Release|Any CPU
		{8C95225D-963E-446A-9817-F167D37FCD26}.Release|Any CPU.Build.0 = Release|Any CPU
	EndGlobalSection
	GlobalSection(SolutionProperties) = preSolution
		HideSolutionNode = FALSE
	EndGlobalSection
	GlobalSection(ExtensibilityGlobals) = postSolution
		SolutionGuid = {0312D514-EAD9-48F5-A380-140F3D47FA26}
	EndGlobalSection
EndGlobal
